// !$*UTF8*$!
{
	archiveVersion = 1;
	classes = {
	};
	objectVersion = 56;
	objects = {

/* Begin PBXBuildFile section */
		05FB42DB61DC553672716B19 /* Pods_Tracker.framework in Frameworks */ = {isa = PBXBuildFile; fileRef = 48411C8F41F97BA7117C1B1C /* Pods_Tracker.framework */; };
		227D6D4E29FC07A100CB9801 /* UIColorMarshalling.swift in Sources */ = {isa = PBXBuildFile; fileRef = 227D6D4D29FC07A100CB9801 /* UIColorMarshalling.swift */; };
		22A17F952A014AE9003D49B3 /* ButtonExtension.swift in Sources */ = {isa = PBXBuildFile; fileRef = 22A17F942A014AE9003D49B3 /* ButtonExtension.swift */; };
		22EEB7442A04F71000521FDA /* StringExtension.swift in Sources */ = {isa = PBXBuildFile; fileRef = 22EEB7432A04F71000521FDA /* StringExtension.swift */; };
		500C65C829CF37A80066BB76 /* AppDelegate.swift in Sources */ = {isa = PBXBuildFile; fileRef = 500C65C729CF37A80066BB76 /* AppDelegate.swift */; };
		500C65CA29CF37A80066BB76 /* SceneDelegate.swift in Sources */ = {isa = PBXBuildFile; fileRef = 500C65C929CF37A80066BB76 /* SceneDelegate.swift */; };
		500C65CC29CF37A80066BB76 /* TrackersViewController.swift in Sources */ = {isa = PBXBuildFile; fileRef = 500C65CB29CF37A80066BB76 /* TrackersViewController.swift */; };
		500C65CF29CF37A80066BB76 /* Main.storyboard in Resources */ = {isa = PBXBuildFile; fileRef = 500C65CD29CF37A80066BB76 /* Main.storyboard */; };
		500C65D429CF37AA0066BB76 /* Assets.xcassets in Resources */ = {isa = PBXBuildFile; fileRef = 500C65D329CF37AA0066BB76 /* Assets.xcassets */; };
		500C65D729CF37AA0066BB76 /* LaunchScreen.storyboard in Resources */ = {isa = PBXBuildFile; fileRef = 500C65D529CF37AA0066BB76 /* LaunchScreen.storyboard */; };
		5033715429E17A1300681B3B /* TrackerCell.swift in Sources */ = {isa = PBXBuildFile; fileRef = 5033715329E17A1300681B3B /* TrackerCell.swift */; };
		5033715729E1AA3B00681B3B /* Tracker.swift in Sources */ = {isa = PBXBuildFile; fileRef = 5033715629E1AA3B00681B3B /* Tracker.swift */; };
		5033715929E1AB5300681B3B /* TrackerCategory.swift in Sources */ = {isa = PBXBuildFile; fileRef = 5033715829E1AB5300681B3B /* TrackerCategory.swift */; };
		5033715B29E1ABDC00681B3B /* TrackerRecord.swift in Sources */ = {isa = PBXBuildFile; fileRef = 5033715A29E1ABDC00681B3B /* TrackerRecord.swift */; };
		504A849A29F6F42400F23212 /* EmojiCell.swift in Sources */ = {isa = PBXBuildFile; fileRef = 504A849929F6F42400F23212 /* EmojiCell.swift */; };
		504A849D29F6F43B00F23212 /* ColorCell.swift in Sources */ = {isa = PBXBuildFile; fileRef = 504A849C29F6F43B00F23212 /* ColorCell.swift */; };
		504E07E329FAE04D003236B8 /* TrackerStore.swift in Sources */ = {isa = PBXBuildFile; fileRef = 504E07E229FAE04D003236B8 /* TrackerStore.swift */; };
		504E07E529FAE05A003236B8 /* TrackerCategoryStore.swift in Sources */ = {isa = PBXBuildFile; fileRef = 504E07E429FAE05A003236B8 /* TrackerCategoryStore.swift */; };
		504E07E729FAE064003236B8 /* TrackerRecordStore.swift in Sources */ = {isa = PBXBuildFile; fileRef = 504E07E629FAE064003236B8 /* TrackerRecordStore.swift */; };
		504E07EA29FAE31A003236B8 /* CoreDataModel.xcdatamodeld in Sources */ = {isa = PBXBuildFile; fileRef = 504E07E829FAE31A003236B8 /* CoreDataModel.xcdatamodeld */; };
		504F8B282A2668CE00645C09 /* Localizable.strings in Resources */ = {isa = PBXBuildFile; fileRef = 504F8B2A2A2668CE00645C09 /* Localizable.strings */; };
		506322BB2A21DB7F009DFFC0 /* TrackerTests.swift in Sources */ = {isa = PBXBuildFile; fileRef = 506322BA2A21DB7F009DFFC0 /* TrackerTests.swift */; };
		506351482A03D18700709D87 /* OnboardingViewController.swift in Sources */ = {isa = PBXBuildFile; fileRef = 506351472A03D18700709D87 /* OnboardingViewController.swift */; };
		5071855E29D8C95D0096588B /* LaunchScreenViewController.swift in Sources */ = {isa = PBXBuildFile; fileRef = 5071855D29D8C95D0096588B /* LaunchScreenViewController.swift */; };
		5077620129E2A40A0033FBC4 /* CreateTrackerViewController.swift in Sources */ = {isa = PBXBuildFile; fileRef = 5077620029E2A40A0033FBC4 /* CreateTrackerViewController.swift */; };
		5077620329E2AB4B0033FBC4 /* NewTrackerViewController.swift in Sources */ = {isa = PBXBuildFile; fileRef = 5077620229E2AB4B0033FBC4 /* NewTrackerViewController.swift */; };
		5086B04729EB1ECA00B1DFD6 /* SupplementaryView.swift in Sources */ = {isa = PBXBuildFile; fileRef = 5086B04629EB1ECA00B1DFD6 /* SupplementaryView.swift */; };
		50A810AC2A251B060097C72D /* AnalyticsService.swift in Sources */ = {isa = PBXBuildFile; fileRef = 50A810AB2A251B060097C72D /* AnalyticsService.swift */; };
		50A810AE2A251B120097C72D /* AnalyticsServiceImpl.swift in Sources */ = {isa = PBXBuildFile; fileRef = 50A810AD2A251B120097C72D /* AnalyticsServiceImpl.swift */; };
		50AEBC882A2B055F00B12BCE /* Const.swift in Sources */ = {isa = PBXBuildFile; fileRef = 50AEBC872A2B055F00B12BCE /* Const.swift */; };
		50C372DE2A21F91000994125 /* XCTest.framework in Frameworks */ = {isa = PBXBuildFile; fileRef = 506322C52A21DD44009DFFC0 /* XCTest.framework */; platformFilter = ios; };
		50C372E22A21F95D00994125 /* SnapshotTesting in Frameworks */ = {isa = PBXBuildFile; productRef = 50C372E12A21F95D00994125 /* SnapshotTesting */; };
		50C633EA2A234D4A0020C8E4 /* StatisticsViewController.swift in Sources */ = {isa = PBXBuildFile; fileRef = 50C633E92A234D4A0020C8E4 /* StatisticsViewController.swift */; };
		50E3248029D997E200C454F9 /* TabBarController.swift in Sources */ = {isa = PBXBuildFile; fileRef = 50E3247F29D997E200C454F9 /* TabBarController.swift */; };
		50EB7C322A04311900055502 /* ChooseCategoryViewController.swift in Sources */ = {isa = PBXBuildFile; fileRef = 50EB7C312A04311900055502 /* ChooseCategoryViewController.swift */; };
		50EB7C342A04313B00055502 /* NewCategoryViewController.swift in Sources */ = {isa = PBXBuildFile; fileRef = 50EB7C332A04313B00055502 /* NewCategoryViewController.swift */; };
		50EB7C3A2A04437600055502 /* CategoryCell.swift in Sources */ = {isa = PBXBuildFile; fileRef = 50EB7C392A04437600055502 /* CategoryCell.swift */; };
		50EB7C3C2A0446DA00055502 /* CategoryViewModel.swift in Sources */ = {isa = PBXBuildFile; fileRef = 50EB7C3B2A0446DA00055502 /* CategoryViewModel.swift */; };
		50ED959929E472590021A5D1 /* NewTrackerTableViewCell.swift in Sources */ = {isa = PBXBuildFile; fileRef = 50ED959829E472590021A5D1 /* NewTrackerTableViewCell.swift */; };
		B217110F29EA75E200C6325A /* ScheduleElement.swift in Sources */ = {isa = PBXBuildFile; fileRef = B217110E29EA75E200C6325A /* ScheduleElement.swift */; };
		B217111229EA79F400C6325A /* ScheduleCell.swift in Sources */ = {isa = PBXBuildFile; fileRef = B217111129EA79F400C6325A /* ScheduleCell.swift */; };
		B217111429EA7B6100C6325A /* ScheduleViewController.swift in Sources */ = {isa = PBXBuildFile; fileRef = B217111329EA7B6100C6325A /* ScheduleViewController.swift */; };
		B217111629EAA15B00C6325A /* ScheduleCellDelegate.swift in Sources */ = {isa = PBXBuildFile; fileRef = B217111529EAA15B00C6325A /* ScheduleCellDelegate.swift */; };
		B217111829EAA27C00C6325A /* ScheduleViewControllerDelegate.swift in Sources */ = {isa = PBXBuildFile; fileRef = B217111729EAA27C00C6325A /* ScheduleViewControllerDelegate.swift */; };
		D64A215255C663D024D7D98A /* Pods_TrackerTests.framework in Frameworks */ = {isa = PBXBuildFile; fileRef = 1DF07AD72365B4CE076638DB /* Pods_TrackerTests.framework */; };
		E60F6B0D2A2DEF1F00C3BE69 /* Localizable.stringsdict in Resources */ = {isa = PBXBuildFile; fileRef = E60F6B0F2A2DEF1F00C3BE69 /* Localizable.stringsdict */; };
/* End PBXBuildFile section */

/* Begin PBXContainerItemProxy section */
		506322BC2A21DB7F009DFFC0 /* PBXContainerItemProxy */ = {
			isa = PBXContainerItemProxy;
			containerPortal = 500C65BC29CF37A80066BB76 /* Project object */;
			proxyType = 1;
			remoteGlobalIDString = 500C65C329CF37A80066BB76;
			remoteInfo = Tracker;
		};
/* End PBXContainerItemProxy section */

/* Begin PBXCopyFilesBuildPhase section */
		506322CB2A21F6F6009DFFC0 /* Embed Frameworks */ = {
			isa = PBXCopyFilesBuildPhase;
			buildActionMask = 2147483647;
			dstPath = "";
			dstSubfolderSpec = 10;
			files = (
			);
			name = "Embed Frameworks";
			runOnlyForDeploymentPostprocessing = 0;
		};
/* End PBXCopyFilesBuildPhase section */

/* Begin PBXFileReference section */
		157CC595CF16B8F86B68F777 /* Pods-Tracker.debug.xcconfig */ = {isa = PBXFileReference; includeInIndex = 1; lastKnownFileType = text.xcconfig; name = "Pods-Tracker.debug.xcconfig"; path = "Target Support Files/Pods-Tracker/Pods-Tracker.debug.xcconfig"; sourceTree = "<group>"; };
		1DF07AD72365B4CE076638DB /* Pods_TrackerTests.framework */ = {isa = PBXFileReference; explicitFileType = wrapper.framework; includeInIndex = 0; path = Pods_TrackerTests.framework; sourceTree = BUILT_PRODUCTS_DIR; };
		227D6D4D29FC07A100CB9801 /* UIColorMarshalling.swift */ = {isa = PBXFileReference; lastKnownFileType = sourcecode.swift; path = UIColorMarshalling.swift; sourceTree = "<group>"; };
		22A17F942A014AE9003D49B3 /* ButtonExtension.swift */ = {isa = PBXFileReference; lastKnownFileType = sourcecode.swift; path = ButtonExtension.swift; sourceTree = "<group>"; };
		22EEB7432A04F71000521FDA /* StringExtension.swift */ = {isa = PBXFileReference; lastKnownFileType = sourcecode.swift; path = StringExtension.swift; sourceTree = "<group>"; };
		2647CF71A9153BFBB67B9112 /* Pods-Tracker.release.xcconfig */ = {isa = PBXFileReference; includeInIndex = 1; lastKnownFileType = text.xcconfig; name = "Pods-Tracker.release.xcconfig"; path = "Target Support Files/Pods-Tracker/Pods-Tracker.release.xcconfig"; sourceTree = "<group>"; };
		48411C8F41F97BA7117C1B1C /* Pods_Tracker.framework */ = {isa = PBXFileReference; explicitFileType = wrapper.framework; includeInIndex = 0; path = Pods_Tracker.framework; sourceTree = BUILT_PRODUCTS_DIR; };
		500C65C429CF37A80066BB76 /* Tracker.app */ = {isa = PBXFileReference; explicitFileType = wrapper.application; includeInIndex = 0; path = Tracker.app; sourceTree = BUILT_PRODUCTS_DIR; };
		500C65C729CF37A80066BB76 /* AppDelegate.swift */ = {isa = PBXFileReference; lastKnownFileType = sourcecode.swift; path = AppDelegate.swift; sourceTree = "<group>"; };
		500C65C929CF37A80066BB76 /* SceneDelegate.swift */ = {isa = PBXFileReference; lastKnownFileType = sourcecode.swift; path = SceneDelegate.swift; sourceTree = "<group>"; };
		500C65CB29CF37A80066BB76 /* TrackersViewController.swift */ = {isa = PBXFileReference; lastKnownFileType = sourcecode.swift; path = TrackersViewController.swift; sourceTree = "<group>"; };
		500C65CE29CF37A80066BB76 /* Base */ = {isa = PBXFileReference; lastKnownFileType = file.storyboard; name = Base; path = Base.lproj/Main.storyboard; sourceTree = "<group>"; };
		500C65D329CF37AA0066BB76 /* Assets.xcassets */ = {isa = PBXFileReference; lastKnownFileType = folder.assetcatalog; path = Assets.xcassets; sourceTree = "<group>"; };
		500C65D629CF37AA0066BB76 /* Base */ = {isa = PBXFileReference; lastKnownFileType = file.storyboard; name = Base; path = Base.lproj/LaunchScreen.storyboard; sourceTree = "<group>"; };
		500C65D829CF37AA0066BB76 /* Info.plist */ = {isa = PBXFileReference; lastKnownFileType = text.plist.xml; path = Info.plist; sourceTree = "<group>"; };
		5033715329E17A1300681B3B /* TrackerCell.swift */ = {isa = PBXFileReference; lastKnownFileType = sourcecode.swift; path = TrackerCell.swift; sourceTree = "<group>"; };
		5033715629E1AA3B00681B3B /* Tracker.swift */ = {isa = PBXFileReference; lastKnownFileType = sourcecode.swift; path = Tracker.swift; sourceTree = "<group>"; };
		5033715829E1AB5300681B3B /* TrackerCategory.swift */ = {isa = PBXFileReference; lastKnownFileType = sourcecode.swift; path = TrackerCategory.swift; sourceTree = "<group>"; };
		5033715A29E1ABDC00681B3B /* TrackerRecord.swift */ = {isa = PBXFileReference; lastKnownFileType = sourcecode.swift; path = TrackerRecord.swift; sourceTree = "<group>"; };
		504A849929F6F42400F23212 /* EmojiCell.swift */ = {isa = PBXFileReference; lastKnownFileType = sourcecode.swift; path = EmojiCell.swift; sourceTree = "<group>"; };
		504A849C29F6F43B00F23212 /* ColorCell.swift */ = {isa = PBXFileReference; lastKnownFileType = sourcecode.swift; path = ColorCell.swift; sourceTree = "<group>"; };
		504E07E229FAE04D003236B8 /* TrackerStore.swift */ = {isa = PBXFileReference; lastKnownFileType = sourcecode.swift; path = TrackerStore.swift; sourceTree = "<group>"; };
		504E07E429FAE05A003236B8 /* TrackerCategoryStore.swift */ = {isa = PBXFileReference; lastKnownFileType = sourcecode.swift; path = TrackerCategoryStore.swift; sourceTree = "<group>"; };
		504E07E629FAE064003236B8 /* TrackerRecordStore.swift */ = {isa = PBXFileReference; lastKnownFileType = sourcecode.swift; path = TrackerRecordStore.swift; sourceTree = "<group>"; };
		504E07E929FAE31A003236B8 /* CoreDataModel.xcdatamodel */ = {isa = PBXFileReference; lastKnownFileType = wrapper.xcdatamodel; path = CoreDataModel.xcdatamodel; sourceTree = "<group>"; };
		504F8B242A26681400645C09 /* ru */ = {isa = PBXFileReference; lastKnownFileType = text.plist.strings; name = ru; path = ru.lproj/Main.strings; sourceTree = "<group>"; };
		504F8B252A26681400645C09 /* ru */ = {isa = PBXFileReference; lastKnownFileType = text.plist.strings; name = ru; path = ru.lproj/LaunchScreen.strings; sourceTree = "<group>"; };
		504F8B272A26686D00645C09 /* en */ = {isa = PBXFileReference; lastKnownFileType = text.plist.strings; name = en; path = en.lproj/Main.strings; sourceTree = "<group>"; };
		504F8B292A2668CE00645C09 /* ru */ = {isa = PBXFileReference; lastKnownFileType = text.plist.strings; name = ru; path = ru.lproj/Localizable.strings; sourceTree = "<group>"; };
		504F8B2B2A2668D600645C09 /* en */ = {isa = PBXFileReference; lastKnownFileType = text.plist.strings; name = en; path = en.lproj/Localizable.strings; sourceTree = "<group>"; };
		506322B82A21DB7F009DFFC0 /* TrackerTests.xctest */ = {isa = PBXFileReference; explicitFileType = wrapper.cfbundle; includeInIndex = 0; path = TrackerTests.xctest; sourceTree = BUILT_PRODUCTS_DIR; };
		506322BA2A21DB7F009DFFC0 /* TrackerTests.swift */ = {isa = PBXFileReference; lastKnownFileType = sourcecode.swift; path = TrackerTests.swift; sourceTree = "<group>"; };
		506322C52A21DD44009DFFC0 /* XCTest.framework */ = {isa = PBXFileReference; lastKnownFileType = wrapper.framework; name = XCTest.framework; path = Platforms/iPhoneOS.platform/Developer/Library/Frameworks/XCTest.framework; sourceTree = DEVELOPER_DIR; };
		506351472A03D18700709D87 /* OnboardingViewController.swift */ = {isa = PBXFileReference; lastKnownFileType = sourcecode.swift; path = OnboardingViewController.swift; sourceTree = "<group>"; };
		5071855D29D8C95D0096588B /* LaunchScreenViewController.swift */ = {isa = PBXFileReference; lastKnownFileType = sourcecode.swift; path = LaunchScreenViewController.swift; sourceTree = "<group>"; };
		5077620029E2A40A0033FBC4 /* CreateTrackerViewController.swift */ = {isa = PBXFileReference; lastKnownFileType = sourcecode.swift; path = CreateTrackerViewController.swift; sourceTree = "<group>"; };
		5077620229E2AB4B0033FBC4 /* NewTrackerViewController.swift */ = {isa = PBXFileReference; lastKnownFileType = sourcecode.swift; path = NewTrackerViewController.swift; sourceTree = "<group>"; };
		5086B04629EB1ECA00B1DFD6 /* SupplementaryView.swift */ = {isa = PBXFileReference; lastKnownFileType = sourcecode.swift; path = SupplementaryView.swift; sourceTree = "<group>"; };
		50A810AB2A251B060097C72D /* AnalyticsService.swift */ = {isa = PBXFileReference; lastKnownFileType = sourcecode.swift; path = AnalyticsService.swift; sourceTree = "<group>"; };
		50A810AD2A251B120097C72D /* AnalyticsServiceImpl.swift */ = {isa = PBXFileReference; lastKnownFileType = sourcecode.swift; path = AnalyticsServiceImpl.swift; sourceTree = "<group>"; };
		50AEBC872A2B055F00B12BCE /* Const.swift */ = {isa = PBXFileReference; lastKnownFileType = sourcecode.swift; path = Const.swift; sourceTree = "<group>"; };
		50C633E92A234D4A0020C8E4 /* StatisticsViewController.swift */ = {isa = PBXFileReference; lastKnownFileType = sourcecode.swift; path = StatisticsViewController.swift; sourceTree = "<group>"; };
		50E3247F29D997E200C454F9 /* TabBarController.swift */ = {isa = PBXFileReference; lastKnownFileType = sourcecode.swift; path = TabBarController.swift; sourceTree = "<group>"; };
		50EB7C312A04311900055502 /* ChooseCategoryViewController.swift */ = {isa = PBXFileReference; lastKnownFileType = sourcecode.swift; path = ChooseCategoryViewController.swift; sourceTree = "<group>"; };
		50EB7C332A04313B00055502 /* NewCategoryViewController.swift */ = {isa = PBXFileReference; lastKnownFileType = sourcecode.swift; path = NewCategoryViewController.swift; sourceTree = "<group>"; };
		50EB7C392A04437600055502 /* CategoryCell.swift */ = {isa = PBXFileReference; lastKnownFileType = sourcecode.swift; path = CategoryCell.swift; sourceTree = "<group>"; };
		50EB7C3B2A0446DA00055502 /* CategoryViewModel.swift */ = {isa = PBXFileReference; lastKnownFileType = sourcecode.swift; path = CategoryViewModel.swift; sourceTree = "<group>"; };
		50ED959829E472590021A5D1 /* NewTrackerTableViewCell.swift */ = {isa = PBXFileReference; lastKnownFileType = sourcecode.swift; path = NewTrackerTableViewCell.swift; sourceTree = "<group>"; };
		7373E90DE8187C8C8E473FF2 /* Pods-TrackerTests.debug.xcconfig */ = {isa = PBXFileReference; includeInIndex = 1; lastKnownFileType = text.xcconfig; name = "Pods-TrackerTests.debug.xcconfig"; path = "Target Support Files/Pods-TrackerTests/Pods-TrackerTests.debug.xcconfig"; sourceTree = "<group>"; };
		B217110E29EA75E200C6325A /* ScheduleElement.swift */ = {isa = PBXFileReference; lastKnownFileType = sourcecode.swift; path = ScheduleElement.swift; sourceTree = "<group>"; };
		B217111129EA79F400C6325A /* ScheduleCell.swift */ = {isa = PBXFileReference; lastKnownFileType = sourcecode.swift; path = ScheduleCell.swift; sourceTree = "<group>"; };
		B217111329EA7B6100C6325A /* ScheduleViewController.swift */ = {isa = PBXFileReference; lastKnownFileType = sourcecode.swift; path = ScheduleViewController.swift; sourceTree = "<group>"; };
		B217111529EAA15B00C6325A /* ScheduleCellDelegate.swift */ = {isa = PBXFileReference; lastKnownFileType = sourcecode.swift; path = ScheduleCellDelegate.swift; sourceTree = "<group>"; };
		B217111729EAA27C00C6325A /* ScheduleViewControllerDelegate.swift */ = {isa = PBXFileReference; lastKnownFileType = sourcecode.swift; path = ScheduleViewControllerDelegate.swift; sourceTree = "<group>"; };
		B7660F05539577C6CA18FBDF /* Pods-TrackerTests.release.xcconfig */ = {isa = PBXFileReference; includeInIndex = 1; lastKnownFileType = text.xcconfig; name = "Pods-TrackerTests.release.xcconfig"; path = "Target Support Files/Pods-TrackerTests/Pods-TrackerTests.release.xcconfig"; sourceTree = "<group>"; };
		E60F6B0E2A2DEF1F00C3BE69 /* ru */ = {isa = PBXFileReference; lastKnownFileType = text.plist.stringsdict; name = ru; path = ru.lproj/Localizable.stringsdict; sourceTree = "<group>"; };
		E60F6B102A2DEF2300C3BE69 /* en */ = {isa = PBXFileReference; lastKnownFileType = text.plist.stringsdict; name = en; path = en.lproj/Localizable.stringsdict; sourceTree = "<group>"; };
/* End PBXFileReference section */

/* Begin PBXFrameworksBuildPhase section */
		500C65C129CF37A80066BB76 /* Frameworks */ = {
			isa = PBXFrameworksBuildPhase;
			buildActionMask = 2147483647;
			files = (
				05FB42DB61DC553672716B19 /* Pods_Tracker.framework in Frameworks */,
			);
			runOnlyForDeploymentPostprocessing = 0;
		};
		506322B52A21DB7F009DFFC0 /* Frameworks */ = {
			isa = PBXFrameworksBuildPhase;
			buildActionMask = 2147483647;
			files = (
				50C372DE2A21F91000994125 /* XCTest.framework in Frameworks */,
				50C372E22A21F95D00994125 /* SnapshotTesting in Frameworks */,
				D64A215255C663D024D7D98A /* Pods_TrackerTests.framework in Frameworks */,
			);
			runOnlyForDeploymentPostprocessing = 0;
		};
/* End PBXFrameworksBuildPhase section */

/* Begin PBXGroup section */
		227D6D4C29FC078600CB9801 /* Helpers */ = {
			isa = PBXGroup;
			children = (
				227D6D4D29FC07A100CB9801 /* UIColorMarshalling.swift */,
			);
			path = Helpers;
			sourceTree = "<group>";
		};
		22A17F932A014AD5003D49B3 /* Utils */ = {
			isa = PBXGroup;
			children = (
				22A17F942A014AE9003D49B3 /* ButtonExtension.swift */,
				22EEB7432A04F71000521FDA /* StringExtension.swift */,
				50AEBC872A2B055F00B12BCE /* Const.swift */,
			);
			path = Utils;
			sourceTree = "<group>";
		};
		500C65BB29CF37A80066BB76 = {
			isa = PBXGroup;
			children = (
				504F8B212A26669600645C09 /* Resource */,
				500C65C629CF37A80066BB76 /* Tracker */,
				506322B92A21DB7F009DFFC0 /* TrackerTests */,
				500C65C529CF37A80066BB76 /* Products */,
				506322C42A21DD44009DFFC0 /* Frameworks */,
				E827186F861C3B8907D575B6 /* Pods */,
			);
			sourceTree = "<group>";
		};
		500C65C529CF37A80066BB76 /* Products */ = {
			isa = PBXGroup;
			children = (
				500C65C429CF37A80066BB76 /* Tracker.app */,
				506322B82A21DB7F009DFFC0 /* TrackerTests.xctest */,
			);
			name = Products;
			sourceTree = "<group>";
		};
		500C65C629CF37A80066BB76 /* Tracker */ = {
			isa = PBXGroup;
			children = (
				50A810AA2A251ADB0097C72D /* AnalyticsService */,
				50C633E82A234D340020C8E4 /* Statistics */,
				506351462A03D12400709D87 /* Onboarding */,
				507761FF29E2A3F30033FBC4 /* CreateTracker */,
				5033715129E179E900681B3B /* TrackersViewController */,
				504E07E129FADF15003236B8 /* CoreData */,
				227D6D4C29FC078600CB9801 /* Helpers */,
				22A17F932A014AD5003D49B3 /* Utils */,
				500C65C729CF37A80066BB76 /* AppDelegate.swift */,
				500C65C929CF37A80066BB76 /* SceneDelegate.swift */,
				500C65CD29CF37A80066BB76 /* Main.storyboard */,
				500C65D329CF37AA0066BB76 /* Assets.xcassets */,
				500C65D529CF37AA0066BB76 /* LaunchScreen.storyboard */,
				500C65D829CF37AA0066BB76 /* Info.plist */,
				5071855D29D8C95D0096588B /* LaunchScreenViewController.swift */,
				50E3247F29D997E200C454F9 /* TabBarController.swift */,
			);
			path = Tracker;
			sourceTree = "<group>";
		};
		5033715129E179E900681B3B /* TrackersViewController */ = {
			isa = PBXGroup;
			children = (
				5033715529E1AA2B00681B3B /* Models */,
				5033715229E179FD00681B3B /* TrackerCell */,
				500C65CB29CF37A80066BB76 /* TrackersViewController.swift */,
				5086B04629EB1ECA00B1DFD6 /* SupplementaryView.swift */,
			);
			path = TrackersViewController;
			sourceTree = "<group>";
		};
		5033715229E179FD00681B3B /* TrackerCell */ = {
			isa = PBXGroup;
			children = (
				5033715329E17A1300681B3B /* TrackerCell.swift */,
			);
			path = TrackerCell;
			sourceTree = "<group>";
		};
		5033715529E1AA2B00681B3B /* Models */ = {
			isa = PBXGroup;
			children = (
				5033715629E1AA3B00681B3B /* Tracker.swift */,
				5033715829E1AB5300681B3B /* TrackerCategory.swift */,
				5033715A29E1ABDC00681B3B /* TrackerRecord.swift */,
			);
			path = Models;
			sourceTree = "<group>";
		};
		504A849B29F6F42B00F23212 /* Cells */ = {
			isa = PBXGroup;
			children = (
				504A849929F6F42400F23212 /* EmojiCell.swift */,
				504A849C29F6F43B00F23212 /* ColorCell.swift */,
			);
			path = Cells;
			sourceTree = "<group>";
		};
		504E07E129FADF15003236B8 /* CoreData */ = {
			isa = PBXGroup;
			children = (
				504E07E229FAE04D003236B8 /* TrackerStore.swift */,
				504E07E429FAE05A003236B8 /* TrackerCategoryStore.swift */,
				504E07E629FAE064003236B8 /* TrackerRecordStore.swift */,
				504E07E829FAE31A003236B8 /* CoreDataModel.xcdatamodeld */,
			);
			path = CoreData;
			sourceTree = "<group>";
		};
		504F8B212A26669600645C09 /* Resource */ = {
			isa = PBXGroup;
			children = (
				504F8B2A2A2668CE00645C09 /* Localizable.strings */,
				E60F6B0F2A2DEF1F00C3BE69 /* Localizable.stringsdict */,
			);
			path = Resource;
			sourceTree = "<group>";
		};
		506322B92A21DB7F009DFFC0 /* TrackerTests */ = {
			isa = PBXGroup;
			children = (
				506322BA2A21DB7F009DFFC0 /* TrackerTests.swift */,
			);
			path = TrackerTests;
			sourceTree = "<group>";
		};
		506322C42A21DD44009DFFC0 /* Frameworks */ = {
			isa = PBXGroup;
			children = (
				506322C52A21DD44009DFFC0 /* XCTest.framework */,
				48411C8F41F97BA7117C1B1C /* Pods_Tracker.framework */,
				1DF07AD72365B4CE076638DB /* Pods_TrackerTests.framework */,
			);
			name = Frameworks;
			sourceTree = "<group>";
		};
		506351462A03D12400709D87 /* Onboarding */ = {
			isa = PBXGroup;
			children = (
				506351472A03D18700709D87 /* OnboardingViewController.swift */,
			);
			path = Onboarding;
			sourceTree = "<group>";
		};
		507761FF29E2A3F30033FBC4 /* CreateTracker */ = {
			isa = PBXGroup;
			children = (
				5077620029E2A40A0033FBC4 /* CreateTrackerViewController.swift */,
				50ED959729E472370021A5D1 /* NewTracker */,
			);
			path = CreateTracker;
			sourceTree = "<group>";
		};
		50A810AA2A251ADB0097C72D /* AnalyticsService */ = {
			isa = PBXGroup;
			children = (
				50A810AB2A251B060097C72D /* AnalyticsService.swift */,
				50A810AD2A251B120097C72D /* AnalyticsServiceImpl.swift */,
			);
			path = AnalyticsService;
			sourceTree = "<group>";
		};
		50C633E82A234D340020C8E4 /* Statistics */ = {
			isa = PBXGroup;
			children = (
				50C633E92A234D4A0020C8E4 /* StatisticsViewController.swift */,
			);
			path = Statistics;
			sourceTree = "<group>";
		};
		50EB7C302A042FF300055502 /* Category */ = {
			isa = PBXGroup;
			children = (
				50EB7C352A043A8400055502 /* View */,
				50EB7C362A043A8C00055502 /* ViewModel */,
			);
			path = Category;
			sourceTree = "<group>";
		};
		50EB7C352A043A8400055502 /* View */ = {
			isa = PBXGroup;
			children = (
				50EB7C382A04435400055502 /* NewCategory */,
				50EB7C372A04434A00055502 /* ChooseCategory */,
			);
			path = View;
			sourceTree = "<group>";
		};
		50EB7C362A043A8C00055502 /* ViewModel */ = {
			isa = PBXGroup;
			children = (
				50EB7C3B2A0446DA00055502 /* CategoryViewModel.swift */,
			);
			path = ViewModel;
			sourceTree = "<group>";
		};
		50EB7C372A04434A00055502 /* ChooseCategory */ = {
			isa = PBXGroup;
			children = (
				50EB7C312A04311900055502 /* ChooseCategoryViewController.swift */,
				50EB7C392A04437600055502 /* CategoryCell.swift */,
			);
			path = ChooseCategory;
			sourceTree = "<group>";
		};
		50EB7C382A04435400055502 /* NewCategory */ = {
			isa = PBXGroup;
			children = (
				50EB7C332A04313B00055502 /* NewCategoryViewController.swift */,
			);
			path = NewCategory;
			sourceTree = "<group>";
		};
		50ED959729E472370021A5D1 /* NewTracker */ = {
			isa = PBXGroup;
			children = (
				50EB7C302A042FF300055502 /* Category */,
				504A849B29F6F42B00F23212 /* Cells */,
				B217110A29EA754200C6325A /* Schedule */,
				5077620229E2AB4B0033FBC4 /* NewTrackerViewController.swift */,
				50ED959829E472590021A5D1 /* NewTrackerTableViewCell.swift */,
			);
			path = NewTracker;
			sourceTree = "<group>";
		};
		B217110A29EA754200C6325A /* Schedule */ = {
			isa = PBXGroup;
			children = (
				B217110B29EA754C00C6325A /* models */,
				B217111029EA79DF00C6325A /* ui */,
			);
			path = Schedule;
			sourceTree = "<group>";
		};
		B217110B29EA754C00C6325A /* models */ = {
			isa = PBXGroup;
			children = (
				B217110E29EA75E200C6325A /* ScheduleElement.swift */,
			);
			path = models;
			sourceTree = "<group>";
		};
		B217111029EA79DF00C6325A /* ui */ = {
			isa = PBXGroup;
			children = (
				B217111529EAA15B00C6325A /* ScheduleCellDelegate.swift */,
				B217111129EA79F400C6325A /* ScheduleCell.swift */,
				B217111729EAA27C00C6325A /* ScheduleViewControllerDelegate.swift */,
				B217111329EA7B6100C6325A /* ScheduleViewController.swift */,
			);
			path = ui;
			sourceTree = "<group>";
		};
		E827186F861C3B8907D575B6 /* Pods */ = {
			isa = PBXGroup;
			children = (
				157CC595CF16B8F86B68F777 /* Pods-Tracker.debug.xcconfig */,
				2647CF71A9153BFBB67B9112 /* Pods-Tracker.release.xcconfig */,
				7373E90DE8187C8C8E473FF2 /* Pods-TrackerTests.debug.xcconfig */,
				B7660F05539577C6CA18FBDF /* Pods-TrackerTests.release.xcconfig */,
			);
			path = Pods;
			sourceTree = "<group>";
		};
/* End PBXGroup section */

/* Begin PBXNativeTarget section */
		500C65C329CF37A80066BB76 /* Tracker */ = {
			isa = PBXNativeTarget;
			buildConfigurationList = 500C65DB29CF37AA0066BB76 /* Build configuration list for PBXNativeTarget "Tracker" */;
			buildPhases = (
				0D276B042CBCF0E91428E970 /* [CP] Check Pods Manifest.lock */,
				500C65C029CF37A80066BB76 /* Sources */,
				500C65C129CF37A80066BB76 /* Frameworks */,
				500C65C229CF37A80066BB76 /* Resources */,
				506322CB2A21F6F6009DFFC0 /* Embed Frameworks */,
			);
			buildRules = (
			);
			dependencies = (
			);
			name = Tracker;
			productName = Tracker;
			productReference = 500C65C429CF37A80066BB76 /* Tracker.app */;
			productType = "com.apple.product-type.application";
		};
		506322B72A21DB7F009DFFC0 /* TrackerTests */ = {
			isa = PBXNativeTarget;
			buildConfigurationList = 506322C02A21DB7F009DFFC0 /* Build configuration list for PBXNativeTarget "TrackerTests" */;
			buildPhases = (
				FE4127E5738811C253DA121C /* [CP] Check Pods Manifest.lock */,
				506322B42A21DB7F009DFFC0 /* Sources */,
				506322B52A21DB7F009DFFC0 /* Frameworks */,
				506322B62A21DB7F009DFFC0 /* Resources */,
			);
			buildRules = (
			);
			dependencies = (
				506322BD2A21DB7F009DFFC0 /* PBXTargetDependency */,
			);
			name = TrackerTests;
			packageProductDependencies = (
				50C372E12A21F95D00994125 /* SnapshotTesting */,
			);
			productName = TrackerTests;
			productReference = 506322B82A21DB7F009DFFC0 /* TrackerTests.xctest */;
			productType = "com.apple.product-type.bundle.unit-test";
		};
/* End PBXNativeTarget section */

/* Begin PBXProject section */
		500C65BC29CF37A80066BB76 /* Project object */ = {
			isa = PBXProject;
			attributes = {
				BuildIndependentTargetsInParallel = 1;
				LastSwiftUpdateCheck = 1430;
				LastUpgradeCheck = 1410;
				TargetAttributes = {
					500C65C329CF37A80066BB76 = {
						CreatedOnToolsVersion = 14.1;
					};
					506322B72A21DB7F009DFFC0 = {
						CreatedOnToolsVersion = 14.3;
						TestTargetID = 500C65C329CF37A80066BB76;
					};
				};
			};
			buildConfigurationList = 500C65BF29CF37A80066BB76 /* Build configuration list for PBXProject "Tracker" */;
			compatibilityVersion = "Xcode 14.0";
			developmentRegion = en;
			hasScannedForEncodings = 0;
			knownRegions = (
				en,
				Base,
				ru,
			);
			mainGroup = 500C65BB29CF37A80066BB76;
			packageReferences = (
				506322C12A21DBBD009DFFC0 /* XCRemoteSwiftPackageReference "swift-snapshot-testing" */,
			);
			productRefGroup = 500C65C529CF37A80066BB76 /* Products */;
			projectDirPath = "";
			projectRoot = "";
			targets = (
				500C65C329CF37A80066BB76 /* Tracker */,
				506322B72A21DB7F009DFFC0 /* TrackerTests */,
			);
		};
/* End PBXProject section */

/* Begin PBXResourcesBuildPhase section */
		500C65C229CF37A80066BB76 /* Resources */ = {
			isa = PBXResourcesBuildPhase;
			buildActionMask = 2147483647;
			files = (
				500C65D729CF37AA0066BB76 /* LaunchScreen.storyboard in Resources */,
				504F8B282A2668CE00645C09 /* Localizable.strings in Resources */,
				500C65D429CF37AA0066BB76 /* Assets.xcassets in Resources */,
				E60F6B0D2A2DEF1F00C3BE69 /* Localizable.stringsdict in Resources */,
				500C65CF29CF37A80066BB76 /* Main.storyboard in Resources */,
			);
			runOnlyForDeploymentPostprocessing = 0;
		};
		506322B62A21DB7F009DFFC0 /* Resources */ = {
			isa = PBXResourcesBuildPhase;
			buildActionMask = 2147483647;
			files = (
			);
			runOnlyForDeploymentPostprocessing = 0;
		};
/* End PBXResourcesBuildPhase section */

/* Begin PBXShellScriptBuildPhase section */
		0D276B042CBCF0E91428E970 /* [CP] Check Pods Manifest.lock */ = {
			isa = PBXShellScriptBuildPhase;
			buildActionMask = 2147483647;
			files = (
			);
			inputFileListPaths = (
			);
			inputPaths = (
				"${PODS_PODFILE_DIR_PATH}/Podfile.lock",
				"${PODS_ROOT}/Manifest.lock",
			);
			name = "[CP] Check Pods Manifest.lock";
			outputFileListPaths = (
			);
			outputPaths = (
				"$(DERIVED_FILE_DIR)/Pods-Tracker-checkManifestLockResult.txt",
			);
			runOnlyForDeploymentPostprocessing = 0;
			shellPath = /bin/sh;
			shellScript = "diff \"${PODS_PODFILE_DIR_PATH}/Podfile.lock\" \"${PODS_ROOT}/Manifest.lock\" > /dev/null\nif [ $? != 0 ] ; then\n    # print error to STDERR\n    echo \"error: The sandbox is not in sync with the Podfile.lock. Run 'pod install' or update your CocoaPods installation.\" >&2\n    exit 1\nfi\n# This output is used by Xcode 'outputs' to avoid re-running this script phase.\necho \"SUCCESS\" > \"${SCRIPT_OUTPUT_FILE_0}\"\n";
			showEnvVarsInLog = 0;
		};
		FE4127E5738811C253DA121C /* [CP] Check Pods Manifest.lock */ = {
			isa = PBXShellScriptBuildPhase;
			buildActionMask = 2147483647;
			files = (
			);
			inputFileListPaths = (
			);
			inputPaths = (
				"${PODS_PODFILE_DIR_PATH}/Podfile.lock",
				"${PODS_ROOT}/Manifest.lock",
			);
			name = "[CP] Check Pods Manifest.lock";
			outputFileListPaths = (
			);
			outputPaths = (
				"$(DERIVED_FILE_DIR)/Pods-TrackerTests-checkManifestLockResult.txt",
			);
			runOnlyForDeploymentPostprocessing = 0;
			shellPath = /bin/sh;
			shellScript = "diff \"${PODS_PODFILE_DIR_PATH}/Podfile.lock\" \"${PODS_ROOT}/Manifest.lock\" > /dev/null\nif [ $? != 0 ] ; then\n    # print error to STDERR\n    echo \"error: The sandbox is not in sync with the Podfile.lock. Run 'pod install' or update your CocoaPods installation.\" >&2\n    exit 1\nfi\n# This output is used by Xcode 'outputs' to avoid re-running this script phase.\necho \"SUCCESS\" > \"${SCRIPT_OUTPUT_FILE_0}\"\n";
			showEnvVarsInLog = 0;
		};
/* End PBXShellScriptBuildPhase section */

/* Begin PBXSourcesBuildPhase section */
		500C65C029CF37A80066BB76 /* Sources */ = {
			isa = PBXSourcesBuildPhase;
			buildActionMask = 2147483647;
			files = (
				50A810AE2A251B120097C72D /* AnalyticsServiceImpl.swift in Sources */,
				22A17F952A014AE9003D49B3 /* ButtonExtension.swift in Sources */,
				5033715429E17A1300681B3B /* TrackerCell.swift in Sources */,
				50ED959929E472590021A5D1 /* NewTrackerTableViewCell.swift in Sources */,
				504E07E329FAE04D003236B8 /* TrackerStore.swift in Sources */,
				50EB7C3A2A04437600055502 /* CategoryCell.swift in Sources */,
				B217111629EAA15B00C6325A /* ScheduleCellDelegate.swift in Sources */,
				B217111429EA7B6100C6325A /* ScheduleViewController.swift in Sources */,
				50C633EA2A234D4A0020C8E4 /* StatisticsViewController.swift in Sources */,
				500C65CC29CF37A80066BB76 /* TrackersViewController.swift in Sources */,
				50EB7C342A04313B00055502 /* NewCategoryViewController.swift in Sources */,
				5033715B29E1ABDC00681B3B /* TrackerRecord.swift in Sources */,
				B217111229EA79F400C6325A /* ScheduleCell.swift in Sources */,
				5071855E29D8C95D0096588B /* LaunchScreenViewController.swift in Sources */,
				B217110F29EA75E200C6325A /* ScheduleElement.swift in Sources */,
				506351482A03D18700709D87 /* OnboardingViewController.swift in Sources */,
				5033715929E1AB5300681B3B /* TrackerCategory.swift in Sources */,
				50AEBC882A2B055F00B12BCE /* Const.swift in Sources */,
				504A849D29F6F43B00F23212 /* ColorCell.swift in Sources */,
				50E3248029D997E200C454F9 /* TabBarController.swift in Sources */,
				500C65C829CF37A80066BB76 /* AppDelegate.swift in Sources */,
				B217111829EAA27C00C6325A /* ScheduleViewControllerDelegate.swift in Sources */,
				504E07EA29FAE31A003236B8 /* CoreDataModel.xcdatamodeld in Sources */,
				22EEB7442A04F71000521FDA /* StringExtension.swift in Sources */,
				5033715729E1AA3B00681B3B /* Tracker.swift in Sources */,
				504A849A29F6F42400F23212 /* EmojiCell.swift in Sources */,
				5077620329E2AB4B0033FBC4 /* NewTrackerViewController.swift in Sources */,
				50A810AC2A251B060097C72D /* AnalyticsService.swift in Sources */,
				5077620129E2A40A0033FBC4 /* CreateTrackerViewController.swift in Sources */,
				50EB7C322A04311900055502 /* ChooseCategoryViewController.swift in Sources */,
				227D6D4E29FC07A100CB9801 /* UIColorMarshalling.swift in Sources */,
				504E07E729FAE064003236B8 /* TrackerRecordStore.swift in Sources */,
				504E07E529FAE05A003236B8 /* TrackerCategoryStore.swift in Sources */,
				50EB7C3C2A0446DA00055502 /* CategoryViewModel.swift in Sources */,
				5086B04729EB1ECA00B1DFD6 /* SupplementaryView.swift in Sources */,
				500C65CA29CF37A80066BB76 /* SceneDelegate.swift in Sources */,
			);
			runOnlyForDeploymentPostprocessing = 0;
		};
		506322B42A21DB7F009DFFC0 /* Sources */ = {
			isa = PBXSourcesBuildPhase;
			buildActionMask = 2147483647;
			files = (
				506322BB2A21DB7F009DFFC0 /* TrackerTests.swift in Sources */,
			);
			runOnlyForDeploymentPostprocessing = 0;
		};
/* End PBXSourcesBuildPhase section */

/* Begin PBXTargetDependency section */
		506322BD2A21DB7F009DFFC0 /* PBXTargetDependency */ = {
			isa = PBXTargetDependency;
			target = 500C65C329CF37A80066BB76 /* Tracker */;
			targetProxy = 506322BC2A21DB7F009DFFC0 /* PBXContainerItemProxy */;
		};
/* End PBXTargetDependency section */

/* Begin PBXVariantGroup section */
		500C65CD29CF37A80066BB76 /* Main.storyboard */ = {
			isa = PBXVariantGroup;
			children = (
				500C65CE29CF37A80066BB76 /* Base */,
				504F8B242A26681400645C09 /* ru */,
				504F8B272A26686D00645C09 /* en */,
			);
			name = Main.storyboard;
			sourceTree = "<group>";
		};
		500C65D529CF37AA0066BB76 /* LaunchScreen.storyboard */ = {
			isa = PBXVariantGroup;
			children = (
				500C65D629CF37AA0066BB76 /* Base */,
				504F8B252A26681400645C09 /* ru */,
			);
			name = LaunchScreen.storyboard;
			sourceTree = "<group>";
		};
		504F8B2A2A2668CE00645C09 /* Localizable.strings */ = {
			isa = PBXVariantGroup;
			children = (
				504F8B292A2668CE00645C09 /* ru */,
				504F8B2B2A2668D600645C09 /* en */,
			);
			name = Localizable.strings;
			sourceTree = "<group>";
		};
		E60F6B0F2A2DEF1F00C3BE69 /* Localizable.stringsdict */ = {
			isa = PBXVariantGroup;
			children = (
				E60F6B0E2A2DEF1F00C3BE69 /* ru */,
				E60F6B102A2DEF2300C3BE69 /* en */,
			);
			name = Localizable.stringsdict;
			sourceTree = "<group>";
		};
/* End PBXVariantGroup section */

/* Begin XCBuildConfiguration section */
		500C65D929CF37AA0066BB76 /* Debug */ = {
			isa = XCBuildConfiguration;
			buildSettings = {
				ALWAYS_SEARCH_USER_PATHS = NO;
				CLANG_ANALYZER_LOCALIZABILITY_NONLOCALIZED = YES;
				CLANG_ANALYZER_NONNULL = YES;
				CLANG_ANALYZER_NUMBER_OBJECT_CONVERSION = YES_AGGRESSIVE;
				CLANG_CXX_LANGUAGE_STANDARD = "gnu++20";
				CLANG_ENABLE_MODULES = YES;
				CLANG_ENABLE_OBJC_ARC = YES;
				CLANG_ENABLE_OBJC_WEAK = YES;
				CLANG_WARN_BLOCK_CAPTURE_AUTORELEASING = YES;
				CLANG_WARN_BOOL_CONVERSION = YES;
				CLANG_WARN_COMMA = YES;
				CLANG_WARN_CONSTANT_CONVERSION = YES;
				CLANG_WARN_DEPRECATED_OBJC_IMPLEMENTATIONS = YES;
				CLANG_WARN_DIRECT_OBJC_ISA_USAGE = YES_ERROR;
				CLANG_WARN_DOCUMENTATION_COMMENTS = YES;
				CLANG_WARN_EMPTY_BODY = YES;
				CLANG_WARN_ENUM_CONVERSION = YES;
				CLANG_WARN_INFINITE_RECURSION = YES;
				CLANG_WARN_INT_CONVERSION = YES;
				CLANG_WARN_NON_LITERAL_NULL_CONVERSION = YES;
				CLANG_WARN_OBJC_IMPLICIT_RETAIN_SELF = YES;
				CLANG_WARN_OBJC_LITERAL_CONVERSION = YES;
				CLANG_WARN_OBJC_ROOT_CLASS = YES_ERROR;
				CLANG_WARN_QUOTED_INCLUDE_IN_FRAMEWORK_HEADER = YES;
				CLANG_WARN_RANGE_LOOP_ANALYSIS = YES;
				CLANG_WARN_STRICT_PROTOTYPES = YES;
				CLANG_WARN_SUSPICIOUS_MOVE = YES;
				CLANG_WARN_UNGUARDED_AVAILABILITY = YES_AGGRESSIVE;
				CLANG_WARN_UNREACHABLE_CODE = YES;
				CLANG_WARN__DUPLICATE_METHOD_MATCH = YES;
				COPY_PHASE_STRIP = NO;
				DEBUG_INFORMATION_FORMAT = dwarf;
				ENABLE_STRICT_OBJC_MSGSEND = YES;
				ENABLE_TESTABILITY = YES;
				GCC_C_LANGUAGE_STANDARD = gnu11;
				GCC_DYNAMIC_NO_PIC = NO;
				GCC_NO_COMMON_BLOCKS = YES;
				GCC_OPTIMIZATION_LEVEL = 0;
				GCC_PREPROCESSOR_DEFINITIONS = (
					"DEBUG=1",
					"$(inherited)",
				);
				GCC_WARN_64_TO_32_BIT_CONVERSION = YES;
				GCC_WARN_ABOUT_RETURN_TYPE = YES_ERROR;
				GCC_WARN_UNDECLARED_SELECTOR = YES;
				GCC_WARN_UNINITIALIZED_AUTOS = YES_AGGRESSIVE;
				GCC_WARN_UNUSED_FUNCTION = YES;
				GCC_WARN_UNUSED_VARIABLE = YES;
				IPHONEOS_DEPLOYMENT_TARGET = 13.4;
				MTL_ENABLE_DEBUG_INFO = INCLUDE_SOURCE;
				MTL_FAST_MATH = YES;
				ONLY_ACTIVE_ARCH = YES;
				SDKROOT = iphoneos;
				SWIFT_ACTIVE_COMPILATION_CONDITIONS = DEBUG;
				SWIFT_OPTIMIZATION_LEVEL = "-Onone";
			};
			name = Debug;
		};
		500C65DA29CF37AA0066BB76 /* Release */ = {
			isa = XCBuildConfiguration;
			buildSettings = {
				ALWAYS_SEARCH_USER_PATHS = NO;
				CLANG_ANALYZER_LOCALIZABILITY_NONLOCALIZED = YES;
				CLANG_ANALYZER_NONNULL = YES;
				CLANG_ANALYZER_NUMBER_OBJECT_CONVERSION = YES_AGGRESSIVE;
				CLANG_CXX_LANGUAGE_STANDARD = "gnu++20";
				CLANG_ENABLE_MODULES = YES;
				CLANG_ENABLE_OBJC_ARC = YES;
				CLANG_ENABLE_OBJC_WEAK = YES;
				CLANG_WARN_BLOCK_CAPTURE_AUTORELEASING = YES;
				CLANG_WARN_BOOL_CONVERSION = YES;
				CLANG_WARN_COMMA = YES;
				CLANG_WARN_CONSTANT_CONVERSION = YES;
				CLANG_WARN_DEPRECATED_OBJC_IMPLEMENTATIONS = YES;
				CLANG_WARN_DIRECT_OBJC_ISA_USAGE = YES_ERROR;
				CLANG_WARN_DOCUMENTATION_COMMENTS = YES;
				CLANG_WARN_EMPTY_BODY = YES;
				CLANG_WARN_ENUM_CONVERSION = YES;
				CLANG_WARN_INFINITE_RECURSION = YES;
				CLANG_WARN_INT_CONVERSION = YES;
				CLANG_WARN_NON_LITERAL_NULL_CONVERSION = YES;
				CLANG_WARN_OBJC_IMPLICIT_RETAIN_SELF = YES;
				CLANG_WARN_OBJC_LITERAL_CONVERSION = YES;
				CLANG_WARN_OBJC_ROOT_CLASS = YES_ERROR;
				CLANG_WARN_QUOTED_INCLUDE_IN_FRAMEWORK_HEADER = YES;
				CLANG_WARN_RANGE_LOOP_ANALYSIS = YES;
				CLANG_WARN_STRICT_PROTOTYPES = YES;
				CLANG_WARN_SUSPICIOUS_MOVE = YES;
				CLANG_WARN_UNGUARDED_AVAILABILITY = YES_AGGRESSIVE;
				CLANG_WARN_UNREACHABLE_CODE = YES;
				CLANG_WARN__DUPLICATE_METHOD_MATCH = YES;
				COPY_PHASE_STRIP = NO;
				DEBUG_INFORMATION_FORMAT = "dwarf-with-dsym";
				ENABLE_NS_ASSERTIONS = NO;
				ENABLE_STRICT_OBJC_MSGSEND = YES;
				GCC_C_LANGUAGE_STANDARD = gnu11;
				GCC_NO_COMMON_BLOCKS = YES;
				GCC_WARN_64_TO_32_BIT_CONVERSION = YES;
				GCC_WARN_ABOUT_RETURN_TYPE = YES_ERROR;
				GCC_WARN_UNDECLARED_SELECTOR = YES;
				GCC_WARN_UNINITIALIZED_AUTOS = YES_AGGRESSIVE;
				GCC_WARN_UNUSED_FUNCTION = YES;
				GCC_WARN_UNUSED_VARIABLE = YES;
				IPHONEOS_DEPLOYMENT_TARGET = 13.4;
				MTL_ENABLE_DEBUG_INFO = NO;
				MTL_FAST_MATH = YES;
				SDKROOT = iphoneos;
				SWIFT_COMPILATION_MODE = wholemodule;
				SWIFT_OPTIMIZATION_LEVEL = "-O";
				VALIDATE_PRODUCT = YES;
			};
			name = Release;
		};
		500C65DC29CF37AA0066BB76 /* Debug */ = {
			isa = XCBuildConfiguration;
			baseConfigurationReference = 157CC595CF16B8F86B68F777 /* Pods-Tracker.debug.xcconfig */;
			buildSettings = {
				ASSETCATALOG_COMPILER_APPICON_NAME = AppIcon;
				ASSETCATALOG_COMPILER_GLOBAL_ACCENT_COLOR_NAME = AccentColor;
				CODE_SIGN_STYLE = Automatic;
				CURRENT_PROJECT_VERSION = 3;
				GENERATE_INFOPLIST_FILE = YES;
				INFOPLIST_FILE = Tracker/Info.plist;
				INFOPLIST_KEY_UIApplicationSupportsIndirectInputEvents = YES;
				INFOPLIST_KEY_UILaunchStoryboardName = "";
				INFOPLIST_KEY_UIMainStoryboardFile = Main;
				INFOPLIST_KEY_UISupportedInterfaceOrientations = UIInterfaceOrientationPortrait;
				INFOPLIST_KEY_UISupportedInterfaceOrientations_iPad = "UIInterfaceOrientationLandscapeLeft UIInterfaceOrientationLandscapeRight UIInterfaceOrientationPortrait UIInterfaceOrientationPortraitUpsideDown";
				IPHONEOS_DEPLOYMENT_TARGET = 13.4;
				LD_RUNPATH_SEARCH_PATHS = (
					"$(inherited)",
					"@executable_path/Frameworks",
				);
				MARKETING_VERSION = 1.2;
				PRODUCT_BUNDLE_IDENTIFIER = ru.maxcode2023.Tracker;
				PRODUCT_NAME = "$(TARGET_NAME)";
				SUPPORTED_PLATFORMS = "iphoneos iphonesimulator";
				SUPPORTS_MACCATALYST = NO;
				SUPPORTS_MAC_DESIGNED_FOR_IPHONE_IPAD = NO;
				SWIFT_EMIT_LOC_STRINGS = YES;
				SWIFT_VERSION = 5.0;
				TARGETED_DEVICE_FAMILY = 1;
			};
			name = Debug;
		};
		500C65DD29CF37AA0066BB76 /* Release */ = {
			isa = XCBuildConfiguration;
			baseConfigurationReference = 2647CF71A9153BFBB67B9112 /* Pods-Tracker.release.xcconfig */;
			buildSettings = {
				ASSETCATALOG_COMPILER_APPICON_NAME = AppIcon;
				ASSETCATALOG_COMPILER_GLOBAL_ACCENT_COLOR_NAME = AccentColor;
				CODE_SIGN_STYLE = Automatic;
				CURRENT_PROJECT_VERSION = 3;
				GENERATE_INFOPLIST_FILE = YES;
				INFOPLIST_FILE = Tracker/Info.plist;
				INFOPLIST_KEY_UIApplicationSupportsIndirectInputEvents = YES;
				INFOPLIST_KEY_UILaunchStoryboardName = "";
				INFOPLIST_KEY_UIMainStoryboardFile = Main;
				INFOPLIST_KEY_UISupportedInterfaceOrientations = UIInterfaceOrientationPortrait;
				INFOPLIST_KEY_UISupportedInterfaceOrientations_iPad = "UIInterfaceOrientationLandscapeLeft UIInterfaceOrientationLandscapeRight UIInterfaceOrientationPortrait UIInterfaceOrientationPortraitUpsideDown";
				IPHONEOS_DEPLOYMENT_TARGET = 13.4;
				LD_RUNPATH_SEARCH_PATHS = (
					"$(inherited)",
					"@executable_path/Frameworks",
				);
				MARKETING_VERSION = 1.2;
				PRODUCT_BUNDLE_IDENTIFIER = ru.maxcode2023.Tracker;
				PRODUCT_NAME = "$(TARGET_NAME)";
				SUPPORTED_PLATFORMS = "iphoneos iphonesimulator";
				SUPPORTS_MACCATALYST = NO;
				SUPPORTS_MAC_DESIGNED_FOR_IPHONE_IPAD = NO;
				SWIFT_EMIT_LOC_STRINGS = YES;
				SWIFT_VERSION = 5.0;
				TARGETED_DEVICE_FAMILY = 1;
			};
			name = Release;
		};
		506322BE2A21DB7F009DFFC0 /* Debug */ = {
			isa = XCBuildConfiguration;
			baseConfigurationReference = 7373E90DE8187C8C8E473FF2 /* Pods-TrackerTests.debug.xcconfig */;
			buildSettings = {
				BUNDLE_LOADER = "$(TEST_HOST)";
				CODE_SIGN_STYLE = Automatic;
				CURRENT_PROJECT_VERSION = 1;
				GENERATE_INFOPLIST_FILE = YES;
				IPHONEOS_DEPLOYMENT_TARGET = 13.4;
				MARKETING_VERSION = 1.0;
				PRODUCT_BUNDLE_IDENTIFIER = ru.maxcode2023.TrackerTests;
				PRODUCT_NAME = "$(TARGET_NAME)";
				SWIFT_EMIT_LOC_STRINGS = NO;
				SWIFT_VERSION = 5.0;
				TARGETED_DEVICE_FAMILY = "1,2";
				TEST_HOST = "$(BUILT_PRODUCTS_DIR)/Tracker.app/$(BUNDLE_EXECUTABLE_FOLDER_PATH)/Tracker";
			};
			name = Debug;
		};
		506322BF2A21DB7F009DFFC0 /* Release */ = {
			isa = XCBuildConfiguration;
			baseConfigurationReference = B7660F05539577C6CA18FBDF /* Pods-TrackerTests.release.xcconfig */;
			buildSettings = {
				BUNDLE_LOADER = "$(TEST_HOST)";
				CODE_SIGN_STYLE = Automatic;
				CURRENT_PROJECT_VERSION = 1;
				GENERATE_INFOPLIST_FILE = YES;
				IPHONEOS_DEPLOYMENT_TARGET = 13.4;
				MARKETING_VERSION = 1.0;
				PRODUCT_BUNDLE_IDENTIFIER = ru.maxcode2023.TrackerTests;
				PRODUCT_NAME = "$(TARGET_NAME)";
				SWIFT_EMIT_LOC_STRINGS = NO;
				SWIFT_VERSION = 5.0;
				TARGETED_DEVICE_FAMILY = "1,2";
				TEST_HOST = "$(BUILT_PRODUCTS_DIR)/Tracker.app/$(BUNDLE_EXECUTABLE_FOLDER_PATH)/Tracker";
			};
			name = Release;
		};
/* End XCBuildConfiguration section */

/* Begin XCConfigurationList section */
		500C65BF29CF37A80066BB76 /* Build configuration list for PBXProject "Tracker" */ = {
			isa = XCConfigurationList;
			buildConfigurations = (
				500C65D929CF37AA0066BB76 /* Debug */,
				500C65DA29CF37AA0066BB76 /* Release */,
			);
			defaultConfigurationIsVisible = 0;
			defaultConfigurationName = Release;
		};
		500C65DB29CF37AA0066BB76 /* Build configuration list for PBXNativeTarget "Tracker" */ = {
			isa = XCConfigurationList;
			buildConfigurations = (
				500C65DC29CF37AA0066BB76 /* Debug */,
				500C65DD29CF37AA0066BB76 /* Release */,
			);
			defaultConfigurationIsVisible = 0;
			defaultConfigurationName = Release;
		};
		506322C02A21DB7F009DFFC0 /* Build configuration list for PBXNativeTarget "TrackerTests" */ = {
			isa = XCConfigurationList;
			buildConfigurations = (
				506322BE2A21DB7F009DFFC0 /* Debug */,
				506322BF2A21DB7F009DFFC0 /* Release */,
			);
			defaultConfigurationIsVisible = 0;
			defaultConfigurationName = Release;
		};
/* End XCConfigurationList section */

/* Begin XCRemoteSwiftPackageReference section */
		506322C12A21DBBD009DFFC0 /* XCRemoteSwiftPackageReference "swift-snapshot-testing" */ = {
			isa = XCRemoteSwiftPackageReference;
			repositoryURL = "https://github.com/pointfreeco/swift-snapshot-testing";
			requirement = {
				branch = main;
				kind = branch;
			};
		};
/* End XCRemoteSwiftPackageReference section */

/* Begin XCSwiftPackageProductDependency section */
		50C372E12A21F95D00994125 /* SnapshotTesting */ = {
			isa = XCSwiftPackageProductDependency;
			package = 506322C12A21DBBD009DFFC0 /* XCRemoteSwiftPackageReference "swift-snapshot-testing" */;
			productName = SnapshotTesting;
		};
/* End XCSwiftPackageProductDependency section */

/* Begin XCVersionGroup section */
		504E07E829FAE31A003236B8 /* CoreDataModel.xcdatamodeld */ = {
			isa = XCVersionGroup;
			children = (
				504E07E929FAE31A003236B8 /* CoreDataModel.xcdatamodel */,
			);
			currentVersion = 504E07E929FAE31A003236B8 /* CoreDataModel.xcdatamodel */;
			path = CoreDataModel.xcdatamodeld;
			sourceTree = "<group>";
			versionGroupType = wrapper.xcdatamodel;
		};
/* End XCVersionGroup section */
	};
	rootObject = 500C65BC29CF37A80066BB76 /* Project object */;
}
